<?xml version="1.0" encoding="utf-8"?>
<Project ToolsVersion="4.0" xmlns="http://schemas.microsoft.com/developer/msbuild/2003">
  <ItemGroup>
    <Filter Include="Source Files">
      <UniqueIdentifier>{4FC737F1-C7A5-4376-A066-2A32D752A2FF}</UniqueIdentifier>
      <Extensions>cpp;c;cc;cxx;c++;cppm;ixx;def;odl;idl;hpj;bat;asm;asmx</Extensions>
    </Filter>
    <Filter Include="Header Files">
      <UniqueIdentifier>{93995380-89BD-4b04-88EB-625FBE52EBFB}</UniqueIdentifier>
      <Extensions>h;hh;hpp;hxx;h++;hm;inl;inc;ipp;xsd</Extensions>
    </Filter>
    <Filter Include="Resource Files">
      <UniqueIdentifier>{67DA6AB6-F800-4c08-8B7A-83BB121AAD01}</UniqueIdentifier>
      <Extensions>rc;ico;cur;bmp;dlg;rc2;rct;bin;rgs;gif;jpg;jpeg;jpe;resx;tiff;tif;png;wav;mfcribbon-ms</Extensions>
    </Filter>
    <Filter Include="CppAdvancedLearning">
      <UniqueIdentifier>{b3ef9370-8f9f-4e14-bcba-572acdcd285c}</UniqueIdentifier>
    </Filter>
    <Filter Include="CppAdvancedLearning\Week1 - Object - fundamentals">
      <UniqueIdentifier>{7e751c86-7171-437e-a879-6698cc4b1122}</UniqueIdentifier>
    </Filter>
    <Filter Include="CppAdvancedLearning\Week1 - Object - fundamentals\01- const- correctedness">
      <UniqueIdentifier>{61b6ca9f-bc27-47dc-b4e5-935aa7a0fdbc}</UniqueIdentifier>
    </Filter>
    <Filter Include="CppAdvancedLearning\Week1 - Object - fundamentals\02-mutable - InitLists - Terinary">
      <UniqueIdentifier>{5887e742-c6e3-4f43-98cc-e8595bc6eae2}</UniqueIdentifier>
    </Filter>
    <Filter Include="CppAdvancedLearning\Week1 - Object - fundamentals\03-Scope-New-Implcit V Explicit">
      <UniqueIdentifier>{d63c84e0-e19b-4c7b-81fb-89de9c16c4bc}</UniqueIdentifier>
    </Filter>
    <Filter Include="CppAdvancedLearning\Week1 - Object - fundamentals\04 05-SmartPointers - Lifetimes">
      <UniqueIdentifier>{d011609b-7643-4f64-9c6b-82274116d8dc}</UniqueIdentifier>
    </Filter>
    <Filter Include="CppAdvancedLearning\Week1 - Object - fundamentals\06- Copy Constructor and books and review">
      <UniqueIdentifier>{8f6c0fde-9999-44dd-a011-074809fe3d0b}</UniqueIdentifier>
    </Filter>
    <Filter Include="CppAdvancedLearning\Week 2 - Memory Internals">
      <UniqueIdentifier>{9e47cd65-d131-41f2-9d3c-d44627d26579}</UniqueIdentifier>
    </Filter>
    <Filter Include="CppAdvancedLearning\Week 2 - Memory Internals\01 - Arrow - Vector">
      <UniqueIdentifier>{e81ce729-c735-40c5-bb79-d77945c42c91}</UniqueIdentifier>
    </Filter>
    <Filter Include="CppAdvancedLearning\Week 2 - Memory Internals\02-Templates - Vector">
      <UniqueIdentifier>{1fef8fcb-ec2f-44b5-8192-2f9f0528880d}</UniqueIdentifier>
    </Filter>
  </ItemGroup>
  <ItemGroup>
    <ClCompile Include="PlayerClass.cpp">
      <Filter>CppAdvancedLearning\Week1 - Object - fundamentals\01- const- correctedness</Filter>
    </ClCompile>
    <ClCompile Include="Auto.cpp">
      <Filter>CppAdvancedLearning\Week1 - Object - fundamentals\02-mutable - InitLists - Terinary</Filter>
    </ClCompile>
    <ClCompile Include="MemberInitList.cpp">
      <Filter>CppAdvancedLearning\Week1 - Object - fundamentals\02-mutable - InitLists - Terinary</Filter>
    </ClCompile>
    <ClCompile Include="CEInitiate.cpp">
      <Filter>CppAdvancedLearning\Week1 - Object - fundamentals\03-Scope-New-Implcit V Explicit</Filter>
    </ClCompile>
    <ClCompile Include="CENewKeyword.cpp">
      <Filter>CppAdvancedLearning\Week1 - Object - fundamentals\03-Scope-New-Implcit V Explicit</Filter>
    </ClCompile>
    <ClCompile Include="ImplicitExplict.cpp">
      <Filter>CppAdvancedLearning\Week1 - Object - fundamentals\03-Scope-New-Implcit V Explicit</Filter>
    </ClCompile>
    <ClCompile Include="MiniProject1.cpp">
      <Filter>CppAdvancedLearning\Week1 - Object - fundamentals\03-Scope-New-Implcit V Explicit</Filter>
    </ClCompile>
    <ClCompile Include="this.cpp">
      <Filter>CppAdvancedLearning\Week1 - Object - fundamentals\04 05-SmartPointers - Lifetimes</Filter>
    </ClCompile>
    <ClCompile Include="SmartPointerMiniProject-1.cpp">
      <Filter>CppAdvancedLearning\Week1 - Object - fundamentals\04 05-SmartPointers - Lifetimes</Filter>
    </ClCompile>
    <ClCompile Include="CopyConstructor.cpp">
      <Filter>CppAdvancedLearning\Week1 - Object - fundamentals\06- Copy Constructor and books and review</Filter>
    </ClCompile>
    <ClCompile Include="CopyingSandbox.cpp">
      <Filter>CppAdvancedLearning\Week1 - Object - fundamentals\06- Copy Constructor and books and review</Filter>
    </ClCompile>
    <ClCompile Include="Arrow.cpp">
      <Filter>CppAdvancedLearning\Week 2 - Memory Internals\01 - Arrow - Vector</Filter>
    </ClCompile>
    <ClCompile Include="Optimize Dynamic Vector.cpp">
      <Filter>CppAdvancedLearning\Week 2 - Memory Internals\01 - Arrow - Vector</Filter>
    </ClCompile>
    <ClCompile Include="templates.cpp">
      <Filter>CppAdvancedLearning\Week 2 - Memory Internals\02-Templates - Vector</Filter>
    </ClCompile>
    <ClCompile Include="VectorSTL.cpp">
      <Filter>CppAdvancedLearning\Week 2 - Memory Internals\02-Templates - Vector</Filter>
    </ClCompile>
    <ClCompile Include="Copy.cpp">
      <Filter>CppAdvancedLearning\Week 2 - Memory Internals</Filter>
    </ClCompile>
  </ItemGroup>
</Project>